
Microsoft Visual Studio Solution File, Format Version 12.00
# Visual Studio Version 16
VisualStudioVersion = 16.0.31911.196
MinimumVisualStudioVersion = 10.0.40219.1
Project("{8BC9CEB8-8B4A-11D0-8D11-00A0C91BC942}") = "web 6", "web 6.vcxproj", "{BBC8692F-3006-49E3-9ACB-BA4B3B2DCD57}"
EndProject
Global
	GlobalSection(SolutionConfigurationPlatforms) = preSolution
		Debug|x64 = Debug|x64
		Debug|x86 = Debug|x86
		Release|x64 = Release|x64
		Release|x86 = Release|x86
	EndGlobalSection
	GlobalSection(ProjectConfigurationPlatforms) = postSolution
		{BBC8692F-3006-49E3-9ACB-BA4B3B2DCD57}.Debug|x64.ActiveCfg = Debug|x64
		{BBC8692F-3006-49E3-9ACB-BA4B3B2DCD57}.Debug|x64.Build.0 = Debug|x64
		{BBC8692F-3006-49E3-9ACB-BA4B3B2DCD57}.Debug|x86.ActiveCfg = Debug|Win32
		{BBC8692F-3006-49E3-9ACB-BA4B3B2DCD57}.Debug|x86.Build.0 = Debug|Win32
		{BBC8692F-3006-49E3-9ACB-BA4B3B2DCD57}.Release|x64.ActiveCfg = Release|x64
		{BBC8692F-3006-49E3-9ACB-BA4B3B2DCD57}.Release|x64.Build.0 = Release|x64
		{BBC8692F-3006-49E3-9ACB-BA4B3B2DCD57}.Release|x86.ActiveCfg = Release|Win32
		{BBC8692F-3006-49E3-9ACB-BA4B3B2DCD57}.Release|x86.Build.0 = Release|Win32
	EndGlobalSection
	GlobalSection(SolutionProperties) = preSolution
		HideSolutionNode = FALSE
	EndGlobalSection
	GlobalSection(ExtensibilityGlobals) = postSolution
		SolutionGuid = {09F385B6-EF67-421D-8DAB-7CB7AF01DBE7}
	EndGlobalSection
EndGlobal
